
Microsoft Visual Studio Solution File, Format Version 12.00
# Visual Studio Version 16
VisualStudioVersion = 16.0.32126.315
MinimumVisualStudioVersion = 10.0.40219.1
Project("{FAE04EC0-301F-11D3-BF4B-00C04F79EFBC}") = "PROTOTIPO-SITE-TURISMO", "PROTOTIPO-SITE-TURISMO.csproj", "{AA2AF72D-3803-4080-BCCC-A8E9BB3F1F1C}"
EndProject
Global
	GlobalSection(SolutionConfigurationPlatforms) = preSolution
		Debug|Any CPU = Debug|Any CPU
		Release|Any CPU = Release|Any CPU
	EndGlobalSection
	GlobalSection(ProjectConfigurationPlatforms) = postSolution
		{AA2AF72D-3803-4080-BCCC-A8E9BB3F1F1C}.Debug|Any CPU.ActiveCfg = Debug|Any CPU
		{AA2AF72D-3803-4080-BCCC-A8E9BB3F1F1C}.Debug|Any CPU.Build.0 = Debug|Any CPU
		{AA2AF72D-3803-4080-BCCC-A8E9BB3F1F1C}.Release|Any CPU.ActiveCfg = Release|Any CPU
		{AA2AF72D-3803-4080-BCCC-A8E9BB3F1F1C}.Release|Any CPU.Build.0 = Release|Any CPU
	EndGlobalSection
	GlobalSection(SolutionProperties) = preSolution
		HideSolutionNode = FALSE
	EndGlobalSection
	GlobalSection(ExtensibilityGlobals) = postSolution
		SolutionGuid = {F6C093F9-89A4-485F-AD2A-02925835CDBC}
	EndGlobalSection
EndGlobal
